
Microsoft Visual Studio Solution File, Format Version 12.00
# Visual Studio Version 16
VisualStudioVersion = 16.0.31005.135
MinimumVisualStudioVersion = 10.0.40219.1
Project("{FAE04EC0-301F-11D3-BF4B-00C04F79EFBC}") = "NeuralNetDemo.Server", "NeuralNetDemo\Server\NeuralNetDemo.Server.csproj", "{B30C455F-9A48-4058-ADCC-B67DBE49E2DB}"
EndProject
Project("{FAE04EC0-301F-11D3-BF4B-00C04F79EFBC}") = "NeuralNetDemo.Client", "NeuralNetDemo\Client\NeuralNetDemo.Client.csproj", "{6E8D9DEA-7DD3-4DC4-8EC3-9FDDF28280EC}"
EndProject
Project("{FAE04EC0-301F-11D3-BF4B-00C04F79EFBC}") = "NeuralNetDemo.Shared", "NeuralNetDemo\Shared\NeuralNetDemo.Shared.csproj", "{8310AA8C-0258-4F5A-83DF-E376ABCA7BC0}"
EndProject
Global
	GlobalSection(SolutionConfigurationPlatforms) = preSolution
		Debug|Any CPU = Debug|Any CPU
		Release|Any CPU = Release|Any CPU
	EndGlobalSection
	GlobalSection(ProjectConfigurationPlatforms) = postSolution
		{B30C455F-9A48-4058-ADCC-B67DBE49E2DB}.Debug|Any CPU.ActiveCfg = Debug|Any CPU
		{B30C455F-9A48-4058-ADCC-B67DBE49E2DB}.Debug|Any CPU.Build.0 = Debug|Any CPU
		{B30C455F-9A48-4058-ADCC-B67DBE49E2DB}.Release|Any CPU.ActiveCfg = Release|Any CPU
		{B30C455F-9A48-4058-ADCC-B67DBE49E2DB}.Release|Any CPU.Build.0 = Release|Any CPU
		{6E8D9DEA-7DD3-4DC4-8EC3-9FDDF28280EC}.Debug|Any CPU.ActiveCfg = Debug|Any CPU
		{6E8D9DEA-7DD3-4DC4-8EC3-9FDDF28280EC}.Debug|Any CPU.Build.0 = Debug|Any CPU
		{6E8D9DEA-7DD3-4DC4-8EC3-9FDDF28280EC}.Release|Any CPU.ActiveCfg = Release|Any CPU
		{6E8D9DEA-7DD3-4DC4-8EC3-9FDDF28280EC}.Release|Any CPU.Build.0 = Release|Any CPU
		{8310AA8C-0258-4F5A-83DF-E376ABCA7BC0}.Debug|Any CPU.ActiveCfg = Debug|Any CPU
		{8310AA8C-0258-4F5A-83DF-E376ABCA7BC0}.Debug|Any CPU.Build.0 = Debug|Any CPU
		{8310AA8C-0258-4F5A-83DF-E376ABCA7BC0}.Release|Any CPU.ActiveCfg = Release|Any CPU
		{8310AA8C-0258-4F5A-83DF-E376ABCA7BC0}.Release|Any CPU.Build.0 = Release|Any CPU
	EndGlobalSection
	GlobalSection(SolutionProperties) = preSolution
		HideSolutionNode = FALSE
	EndGlobalSection
	GlobalSection(ExtensibilityGlobals) = postSolution
		SolutionGuid = {E3AAD5D9-37D0-4D1B-879C-0CADE54AAB87}
	EndGlobalSection
EndGlobal
